// !$*UTF8*$!
{
	archiveVersion = 1;
	classes = {
	};
	objectVersion = 56;
	objects = {

/* Begin PBXBuildFile section */
		D871C3222AA1C21000B9A096 /* CrewView.swift in Sources */ = {isa = PBXBuildFile; fileRef = D871C3212AA1C21000B9A096 /* CrewView.swift */; };
		D871C3242AA25CDD00B9A096 /* ContentViewModel.swift in Sources */ = {isa = PBXBuildFile; fileRef = D871C3232AA25CDD00B9A096 /* ContentViewModel.swift */; };
		D871C3272AA25EB400B9A096 /* MissionViewModel.swift in Sources */ = {isa = PBXBuildFile; fileRef = D871C3262AA25EB400B9A096 /* MissionViewModel.swift */; };
		D8D6AB3C2A9FFDDF00D31881 /* MoonshotApp.swift in Sources */ = {isa = PBXBuildFile; fileRef = D8D6AB3B2A9FFDDF00D31881 /* MoonshotApp.swift */; };
		D8D6AB3E2A9FFDDF00D31881 /* ContentView.swift in Sources */ = {isa = PBXBuildFile; fileRef = D8D6AB3D2A9FFDDF00D31881 /* ContentView.swift */; };
		D8D6AB402A9FFDE100D31881 /* Assets.xcassets in Resources */ = {isa = PBXBuildFile; fileRef = D8D6AB3F2A9FFDE100D31881 /* Assets.xcassets */; };
		D8D6AB432A9FFDE100D31881 /* Preview Assets.xcassets in Resources */ = {isa = PBXBuildFile; fileRef = D8D6AB422A9FFDE100D31881 /* Preview Assets.xcassets */; };
		D8D6AB4A2A9FFDFC00D31881 /* missions.json in Resources */ = {isa = PBXBuildFile; fileRef = D8D6AB492A9FFDFC00D31881 /* missions.json */; };
		D8D6AB4C2A9FFE0700D31881 /* astronauts.json in Resources */ = {isa = PBXBuildFile; fileRef = D8D6AB4B2A9FFE0700D31881 /* astronauts.json */; };
		D8D6AB4E2A9FFEB200D31881 /* Astronaut.swift in Sources */ = {isa = PBXBuildFile; fileRef = D8D6AB4D2A9FFEB200D31881 /* Astronaut.swift */; };
		D8D6AB502A9FFF1A00D31881 /* Bundle-Decodable.swift in Sources */ = {isa = PBXBuildFile; fileRef = D8D6AB4F2A9FFF1A00D31881 /* Bundle-Decodable.swift */; };
		D8D6AB532AA0032F00D31881 /* Mission.swift in Sources */ = {isa = PBXBuildFile; fileRef = D8D6AB522AA0032F00D31881 /* Mission.swift */; };
		D8F6F7182AA009DD00205276 /* Color-Theme.swift in Sources */ = {isa = PBXBuildFile; fileRef = D8F6F7172AA009DD00205276 /* Color-Theme.swift */; };
		D8F6F71C2AA00CA700205276 /* MissionView.swift in Sources */ = {isa = PBXBuildFile; fileRef = D8F6F71B2AA00CA700205276 /* MissionView.swift */; };
		D8F6F71E2AA01AC400205276 /* AstronautView.swift in Sources */ = {isa = PBXBuildFile; fileRef = D8F6F71D2AA01AC400205276 /* AstronautView.swift */; };
/* End PBXBuildFile section */

/* Begin PBXFileReference section */
		D871C3212AA1C21000B9A096 /* CrewView.swift */ = {isa = PBXFileReference; lastKnownFileType = sourcecode.swift; path = CrewView.swift; sourceTree = "<group>"; };
		D871C3232AA25CDD00B9A096 /* ContentViewModel.swift */ = {isa = PBXFileReference; lastKnownFileType = sourcecode.swift; path = ContentViewModel.swift; sourceTree = "<group>"; };
		D871C3262AA25EB400B9A096 /* MissionViewModel.swift */ = {isa = PBXFileReference; lastKnownFileType = sourcecode.swift; path = MissionViewModel.swift; sourceTree = "<group>"; };
		D8D6AB382A9FFDDF00D31881 /* Moonshot.app */ = {isa = PBXFileReference; explicitFileType = wrapper.application; includeInIndex = 0; path = Moonshot.app; sourceTree = BUILT_PRODUCTS_DIR; };
		D8D6AB3B2A9FFDDF00D31881 /* MoonshotApp.swift */ = {isa = PBXFileReference; lastKnownFileType = sourcecode.swift; path = MoonshotApp.swift; sourceTree = "<group>"; };
		D8D6AB3D2A9FFDDF00D31881 /* ContentView.swift */ = {isa = PBXFileReference; lastKnownFileType = sourcecode.swift; path = ContentView.swift; sourceTree = "<group>"; };
		D8D6AB3F2A9FFDE100D31881 /* Assets.xcassets */ = {isa = PBXFileReference; lastKnownFileType = folder.assetcatalog; path = Assets.xcassets; sourceTree = "<group>"; };
		D8D6AB422A9FFDE100D31881 /* Preview Assets.xcassets */ = {isa = PBXFileReference; lastKnownFileType = folder.assetcatalog; path = "Preview Assets.xcassets"; sourceTree = "<group>"; };
		D8D6AB492A9FFDFC00D31881 /* missions.json */ = {isa = PBXFileReference; fileEncoding = 4; lastKnownFileType = text.json; path = missions.json; sourceTree = "<group>"; };
		D8D6AB4B2A9FFE0700D31881 /* astronauts.json */ = {isa = PBXFileReference; fileEncoding = 4; lastKnownFileType = text.json; path = astronauts.json; sourceTree = "<group>"; };
		D8D6AB4D2A9FFEB200D31881 /* Astronaut.swift */ = {isa = PBXFileReference; lastKnownFileType = sourcecode.swift; path = Astronaut.swift; sourceTree = "<group>"; };
		D8D6AB4F2A9FFF1A00D31881 /* Bundle-Decodable.swift */ = {isa = PBXFileReference; lastKnownFileType = sourcecode.swift; path = "Bundle-Decodable.swift"; sourceTree = "<group>"; };
		D8D6AB522AA0032F00D31881 /* Mission.swift */ = {isa = PBXFileReference; lastKnownFileType = sourcecode.swift; path = Mission.swift; sourceTree = "<group>"; };
		D8F6F7172AA009DD00205276 /* Color-Theme.swift */ = {isa = PBXFileReference; lastKnownFileType = sourcecode.swift; path = "Color-Theme.swift"; sourceTree = "<group>"; };
		D8F6F71B2AA00CA700205276 /* MissionView.swift */ = {isa = PBXFileReference; lastKnownFileType = sourcecode.swift; path = MissionView.swift; sourceTree = "<group>"; };
		D8F6F71D2AA01AC400205276 /* AstronautView.swift */ = {isa = PBXFileReference; lastKnownFileType = sourcecode.swift; path = AstronautView.swift; sourceTree = "<group>"; };
/* End PBXFileReference section */

/* Begin PBXFrameworksBuildPhase section */
		D8D6AB352A9FFDDF00D31881 /* Frameworks */ = {
			isa = PBXFrameworksBuildPhase;
			buildActionMask = 2147483647;
			files = (
			);
			runOnlyForDeploymentPostprocessing = 0;
		};
/* End PBXFrameworksBuildPhase section */

/* Begin PBXGroup section */
		D871C3252AA25E4900B9A096 /* ViewModel */ = {
			isa = PBXGroup;
			children = (
				D871C3232AA25CDD00B9A096 /* ContentViewModel.swift */,
				D871C3262AA25EB400B9A096 /* MissionViewModel.swift */,
			);
			path = ViewModel;
			sourceTree = "<group>";
		};
		D8D6AB2F2A9FFDDF00D31881 = {
			isa = PBXGroup;
			children = (
				D8D6AB3A2A9FFDDF00D31881 /* Moonshot */,
				D8D6AB392A9FFDDF00D31881 /* Products */,
			);
			sourceTree = "<group>";
		};
		D8D6AB392A9FFDDF00D31881 /* Products */ = {
			isa = PBXGroup;
			children = (
				D8D6AB382A9FFDDF00D31881 /* Moonshot.app */,
			);
			name = Products;
			sourceTree = "<group>";
		};
		D8D6AB3A2A9FFDDF00D31881 /* Moonshot */ = {
			isa = PBXGroup;
			children = (
				D8D6AB3D2A9FFDDF00D31881 /* ContentView.swift */,
				D8D6AB3B2A9FFDDF00D31881 /* MoonshotApp.swift */,
				D8D6AB542AA0033800D31881 /* Model */,
				D871C3252AA25E4900B9A096 /* ViewModel */,
				D8F6F71A2AA00C8E00205276 /* CustomView */,
				D8D6AB512AA002B800D31881 /* JSON */,
				D8D6AB3F2A9FFDE100D31881 /* Assets.xcassets */,
				D8D6AB412A9FFDE100D31881 /* Preview Content */,
				D8F6F7192AA00A5F00205276 /* Extensions */,
			);
			path = Moonshot;
			sourceTree = "<group>";
		};
		D8D6AB412A9FFDE100D31881 /* Preview Content */ = {
			isa = PBXGroup;
			children = (
				D8D6AB422A9FFDE100D31881 /* Preview Assets.xcassets */,
			);
			path = "Preview Content";
			sourceTree = "<group>";
		};
		D8D6AB512AA002B800D31881 /* JSON */ = {
			isa = PBXGroup;
			children = (
				D8D6AB492A9FFDFC00D31881 /* missions.json */,
				D8D6AB4B2A9FFE0700D31881 /* astronauts.json */,
			);
			name = JSON;
			sourceTree = "<group>";
		};
		D8D6AB542AA0033800D31881 /* Model */ = {
			isa = PBXGroup;
			children = (
				D8D6AB4D2A9FFEB200D31881 /* Astronaut.swift */,
				D8D6AB522AA0032F00D31881 /* Mission.swift */,
			);
			path = Model;
			sourceTree = "<group>";
		};
		D8F6F7192AA00A5F00205276 /* Extensions */ = {
			isa = PBXGroup;
			children = (
				D8D6AB4F2A9FFF1A00D31881 /* Bundle-Decodable.swift */,
				D8F6F7172AA009DD00205276 /* Color-Theme.swift */,
			);
			path = Extensions;
			sourceTree = "<group>";
		};
		D8F6F71A2AA00C8E00205276 /* CustomView */ = {
			isa = PBXGroup;
			children = (
				D8F6F71B2AA00CA700205276 /* MissionView.swift */,
				D871C3212AA1C21000B9A096 /* CrewView.swift */,
				D8F6F71D2AA01AC400205276 /* AstronautView.swift */,
			);
			path = CustomView;
			sourceTree = "<group>";
		};
/* End PBXGroup section */

/* Begin PBXNativeTarget section */
		D8D6AB372A9FFDDF00D31881 /* Moonshot */ = {
			isa = PBXNativeTarget;
			buildConfigurationList = D8D6AB462A9FFDE100D31881 /* Build configuration list for PBXNativeTarget "Moonshot" */;
			buildPhases = (
				D8D6AB342A9FFDDF00D31881 /* Sources */,
				D8D6AB352A9FFDDF00D31881 /* Frameworks */,
				D8D6AB362A9FFDDF00D31881 /* Resources */,
			);
			buildRules = (
			);
			dependencies = (
			);
			name = Moonshot;
			productName = Moonshot;
			productReference = D8D6AB382A9FFDDF00D31881 /* Moonshot.app */;
			productType = "com.apple.product-type.application";
		};
/* End PBXNativeTarget section */

/* Begin PBXProject section */
		D8D6AB302A9FFDDF00D31881 /* Project object */ = {
			isa = PBXProject;
			attributes = {
				BuildIndependentTargetsInParallel = 1;
				LastSwiftUpdateCheck = 1430;
				LastUpgradeCheck = 1430;
				TargetAttributes = {
					D8D6AB372A9FFDDF00D31881 = {
						CreatedOnToolsVersion = 14.3.1;
					};
				};
			};
			buildConfigurationList = D8D6AB332A9FFDDF00D31881 /* Build configuration list for PBXProject "Moonshot" */;
			compatibilityVersion = "Xcode 14.0";
			developmentRegion = en;
			hasScannedForEncodings = 0;
			knownRegions = (
				en,
				Base,
			);
			mainGroup = D8D6AB2F2A9FFDDF00D31881;
			productRefGroup = D8D6AB392A9FFDDF00D31881 /* Products */;
			projectDirPath = "";
			projectRoot = "";
			targets = (
				D8D6AB372A9FFDDF00D31881 /* Moonshot */,
			);
		};
/* End PBXProject section */

/* Begin PBXResourcesBuildPhase section */
		D8D6AB362A9FFDDF00D31881 /* Resources */ = {
			isa = PBXResourcesBuildPhase;
			buildActionMask = 2147483647;
			files = (
				D8D6AB432A9FFDE100D31881 /* Preview Assets.xcassets in Resources */,
				D8D6AB4A2A9FFDFC00D31881 /* missions.json in Resources */,
				D8D6AB402A9FFDE100D31881 /* Assets.xcassets in Resources */,
				D8D6AB4C2A9FFE0700D31881 /* astronauts.json in Resources */,
			);
			runOnlyForDeploymentPostprocessing = 0;
		};
/* End PBXResourcesBuildPhase section */

/* Begin PBXSourcesBuildPhase section */
		D8D6AB342A9FFDDF00D31881 /* Sources */ = {
			isa = PBXSourcesBuildPhase;
			buildActionMask = 2147483647;
			files = (
				D8F6F71C2AA00CA700205276 /* MissionView.swift in Sources */,
				D871C3222AA1C21000B9A096 /* CrewView.swift in Sources */,
				D8D6AB4E2A9FFEB200D31881 /* Astronaut.swift in Sources */,
				D8F6F71E2AA01AC400205276 /* AstronautView.swift in Sources */,
				D871C3272AA25EB400B9A096 /* MissionViewModel.swift in Sources */,
				D871C3242AA25CDD00B9A096 /* ContentViewModel.swift in Sources */,
				D8F6F7182AA009DD00205276 /* Color-Theme.swift in Sources */,
				D8D6AB3E2A9FFDDF00D31881 /* ContentView.swift in Sources */,
				D8D6AB3C2A9FFDDF00D31881 /* MoonshotApp.swift in Sources */,
				D8D6AB532AA0032F00D31881 /* Mission.swift in Sources */,
				D8D6AB502A9FFF1A00D31881 /* Bundle-Decodable.swift in Sources */,
			);
			runOnlyForDeploymentPostprocessing = 0;
		};
/* End PBXSourcesBuildPhase section */

/* Begin XCBuildConfiguration section */
		D8D6AB442A9FFDE100D31881 /* Debug */ = {
			isa = XCBuildConfiguration;
			buildSettings = {
				ALWAYS_SEARCH_USER_PATHS = NO;
				CLANG_ANALYZER_NONNULL = YES;
				CLANG_ANALYZER_NUMBER_OBJECT_CONVERSION = YES_AGGRESSIVE;
				CLANG_CXX_LANGUAGE_STANDARD = "gnu++20";
				CLANG_ENABLE_MODULES = YES;
				CLANG_ENABLE_OBJC_ARC = YES;
				CLANG_ENABLE_OBJC_WEAK = YES;
				CLANG_WARN_BLOCK_CAPTURE_AUTORELEASING = YES;
				CLANG_WARN_BOOL_CONVERSION = YES;
				CLANG_WARN_COMMA = YES;
				CLANG_WARN_CONSTANT_CONVERSION = YES;
				CLANG_WARN_DEPRECATED_OBJC_IMPLEMENTATIONS = YES;
				CLANG_WARN_DIRECT_OBJC_ISA_USAGE = YES_ERROR;
				CLANG_WARN_DOCUMENTATION_COMMENTS = YES;
				CLANG_WARN_EMPTY_BODY = YES;
				CLANG_WARN_ENUM_CONVERSION = YES;
				CLANG_WARN_INFINITE_RECURSION = YES;
				CLANG_WARN_INT_CONVERSION = YES;
				CLANG_WARN_NON_LITERAL_NULL_CONVERSION = YES;
				CLANG_WARN_OBJC_IMPLICIT_RETAIN_SELF = YES;
				CLANG_WARN_OBJC_LITERAL_CONVERSION = YES;
				CLANG_WARN_OBJC_ROOT_CLASS = YES_ERROR;
				CLANG_WARN_QUOTED_INCLUDE_IN_FRAMEWORK_HEADER = YES;
				CLANG_WARN_RANGE_LOOP_ANALYSIS = YES;
				CLANG_WARN_STRICT_PROTOTYPES = YES;
				CLANG_WARN_SUSPICIOUS_MOVE = YES;
				CLANG_WARN_UNGUARDED_AVAILABILITY = YES_AGGRESSIVE;
				CLANG_WARN_UNREACHABLE_CODE = YES;
				CLANG_WARN__DUPLICATE_METHOD_MATCH = YES;
				COPY_PHASE_STRIP = NO;
				DEBUG_INFORMATION_FORMAT = dwarf;
				ENABLE_STRICT_OBJC_MSGSEND = YES;
				ENABLE_TESTABILITY = YES;
				GCC_C_LANGUAGE_STANDARD = gnu11;
				GCC_DYNAMIC_NO_PIC = NO;
				GCC_NO_COMMON_BLOCKS = YES;
				GCC_OPTIMIZATION_LEVEL = 0;
				GCC_PREPROCESSOR_DEFINITIONS = (
					"DEBUG=1",
					"$(inherited)",
				);
				GCC_WARN_64_TO_32_BIT_CONVERSION = YES;
				GCC_WARN_ABOUT_RETURN_TYPE = YES_ERROR;
				GCC_WARN_UNDECLARED_SELECTOR = YES;
				GCC_WARN_UNINITIALIZED_AUTOS = YES_AGGRESSIVE;
				GCC_WARN_UNUSED_FUNCTION = YES;
				GCC_WARN_UNUSED_VARIABLE = YES;
				IPHONEOS_DEPLOYMENT_TARGET = 16.4;
				MTL_ENABLE_DEBUG_INFO = INCLUDE_SOURCE;
				MTL_FAST_MATH = YES;
				ONLY_ACTIVE_ARCH = YES;
				SDKROOT = iphoneos;
				SWIFT_ACTIVE_COMPILATION_CONDITIONS = DEBUG;
				SWIFT_OPTIMIZATION_LEVEL = "-Onone";
			};
			name = Debug;
		};
		D8D6AB452A9FFDE100D31881 /* Release */ = {
			isa = XCBuildConfiguration;
			buildSettings = {
				ALWAYS_SEARCH_USER_PATHS = NO;
				CLANG_ANALYZER_NONNULL = YES;
				CLANG_ANALYZER_NUMBER_OBJECT_CONVERSION = YES_AGGRESSIVE;
				CLANG_CXX_LANGUAGE_STANDARD = "gnu++20";
				CLANG_ENABLE_MODULES = YES;
				CLANG_ENABLE_OBJC_ARC = YES;
				CLANG_ENABLE_OBJC_WEAK = YES;
				CLANG_WARN_BLOCK_CAPTURE_AUTORELEASING = YES;
				CLANG_WARN_BOOL_CONVERSION = YES;
				CLANG_WARN_COMMA = YES;
				CLANG_WARN_CONSTANT_CONVERSION = YES;
				CLANG_WARN_DEPRECATED_OBJC_IMPLEMENTATIONS = YES;
				CLANG_WARN_DIRECT_OBJC_ISA_USAGE = YES_ERROR;
				CLANG_WARN_DOCUMENTATION_COMMENTS = YES;
				CLANG_WARN_EMPTY_BODY = YES;
				CLANG_WARN_ENUM_CONVERSION = YES;
				CLANG_WARN_INFINITE_RECURSION = YES;
				CLANG_WARN_INT_CONVERSION = YES;
				CLANG_WARN_NON_LITERAL_NULL_CONVERSION = YES;
				CLANG_WARN_OBJC_IMPLICIT_RETAIN_SELF = YES;
				CLANG_WARN_OBJC_LITERAL_CONVERSION = YES;
				CLANG_WARN_OBJC_ROOT_CLASS = YES_ERROR;
				CLANG_WARN_QUOTED_INCLUDE_IN_FRAMEWORK_HEADER = YES;
				CLANG_WARN_RANGE_LOOP_ANALYSIS = YES;
				CLANG_WARN_STRICT_PROTOTYPES = YES;
				CLANG_WARN_SUSPICIOUS_MOVE = YES;
				CLANG_WARN_UNGUARDED_AVAILABILITY = YES_AGGRESSIVE;
				CLANG_WARN_UNREACHABLE_CODE = YES;
				CLANG_WARN__DUPLICATE_METHOD_MATCH = YES;
				COPY_PHASE_STRIP = NO;
				DEBUG_INFORMATION_FORMAT = "dwarf-with-dsym";
				ENABLE_NS_ASSERTIONS = NO;
				ENABLE_STRICT_OBJC_MSGSEND = YES;
				GCC_C_LANGUAGE_STANDARD = gnu11;
				GCC_NO_COMMON_BLOCKS = YES;
				GCC_WARN_64_TO_32_BIT_CONVERSION = YES;
				GCC_WARN_ABOUT_RETURN_TYPE = YES_ERROR;
				GCC_WARN_UNDECLARED_SELECTOR = YES;
				GCC_WARN_UNINITIALIZED_AUTOS = YES_AGGRESSIVE;
				GCC_WARN_UNUSED_FUNCTION = YES;
				GCC_WARN_UNUSED_VARIABLE = YES;
				IPHONEOS_DEPLOYMENT_TARGET = 16.4;
				MTL_ENABLE_DEBUG_INFO = NO;
				MTL_FAST_MATH = YES;
				SDKROOT = iphoneos;
				SWIFT_COMPILATION_MODE = wholemodule;
				SWIFT_OPTIMIZATION_LEVEL = "-O";
				VALIDATE_PRODUCT = YES;
			};
			name = Release;
		};
		D8D6AB472A9FFDE100D31881 /* Debug */ = {
			isa = XCBuildConfiguration;
			buildSettings = {
				ASSETCATALOG_COMPILER_APPICON_NAME = AppIcon;
				ASSETCATALOG_COMPILER_GLOBAL_ACCENT_COLOR_NAME = AccentColor;
				CODE_SIGN_STYLE = Automatic;
				CURRENT_PROJECT_VERSION = 1;
				DEVELOPMENT_ASSET_PATHS = "\"Moonshot/Preview Content\"";
				DEVELOPMENT_TEAM = 74AQA4M4HV;
				ENABLE_PREVIEWS = YES;
				GENERATE_INFOPLIST_FILE = YES;
				INFOPLIST_KEY_UIApplicationSceneManifest_Generation = YES;
				INFOPLIST_KEY_UIApplicationSupportsIndirectInputEvents = YES;
				INFOPLIST_KEY_UILaunchScreen_Generation = YES;
				INFOPLIST_KEY_UISupportedInterfaceOrientations_iPad = "UIInterfaceOrientationPortrait UIInterfaceOrientationPortraitUpsideDown UIInterfaceOrientationLandscapeLeft UIInterfaceOrientationLandscapeRight";
				INFOPLIST_KEY_UISupportedInterfaceOrientations_iPhone = "UIInterfaceOrientationPortrait UIInterfaceOrientationLandscapeLeft UIInterfaceOrientationLandscapeRight";
				LD_RUNPATH_SEARCH_PATHS = (
					"$(inherited)",
					"@executable_path/Frameworks",
				);
				MARKETING_VERSION = 1.0;
				PRODUCT_BUNDLE_IDENTIFIER = "Dominique-Strachan.Moonshot";
				PRODUCT_NAME = "$(TARGET_NAME)";
				SWIFT_EMIT_LOC_STRINGS = YES;
				SWIFT_VERSION = 5.0;
				TARGETED_DEVICE_FAMILY = "1,2";
			};
			name = Debug;
		};
		D8D6AB482A9FFDE100D31881 /* Release */ = {
			isa = XCBuildConfiguration;
			buildSettings = {
				ASSETCATALOG_COMPILER_APPICON_NAME = AppIcon;
				ASSETCATALOG_COMPILER_GLOBAL_ACCENT_COLOR_NAME = AccentColor;
				CODE_SIGN_STYLE = Automatic;
				CURRENT_PROJECT_VERSION = 1;
				DEVELOPMENT_ASSET_PATHS = "\"Moonshot/Preview Content\"";
				DEVELOPMENT_TEAM = 74AQA4M4HV;
				ENABLE_PREVIEWS = YES;
				GENERATE_INFOPLIST_FILE = YES;
				INFOPLIST_KEY_UIApplicationSceneManifest_Generation = YES;
				INFOPLIST_KEY_UIApplicationSupportsIndirectInputEvents = YES;
				INFOPLIST_KEY_UILaunchScreen_Generation = YES;
				INFOPLIST_KEY_UISupportedInterfaceOrientations_iPad = "UIInterfaceOrientationPortrait UIInterfaceOrientationPortraitUpsideDown UIInterfaceOrientationLandscapeLeft UIInterfaceOrientationLandscapeRight";
				INFOPLIST_KEY_UISupportedInterfaceOrientations_iPhone = "UIInterfaceOrientationPortrait UIInterfaceOrientationLandscapeLeft UIInterfaceOrientationLandscapeRight";
				LD_RUNPATH_SEARCH_PATHS = (
					"$(inherited)",
					"@executable_path/Frameworks",
				);
				MARKETING_VERSION = 1.0;
				PRODUCT_BUNDLE_IDENTIFIER = "Dominique-Strachan.Moonshot";
				PRODUCT_NAME = "$(TARGET_NAME)";
				SWIFT_EMIT_LOC_STRINGS = YES;
				SWIFT_VERSION = 5.0;
				TARGETED_DEVICE_FAMILY = "1,2";
			};
			name = Release;
		};
/* End XCBuildConfiguration section */

/* Begin XCConfigurationList section */
		D8D6AB332A9FFDDF00D31881 /* Build configuration list for PBXProject "Moonshot" */ = {
			isa = XCConfigurationList;
			buildConfigurations = (
				D8D6AB442A9FFDE100D31881 /* Debug */,
				D8D6AB452A9FFDE100D31881 /* Release */,
			);
			defaultConfigurationIsVisible = 0;
			defaultConfigurationName = Release;
		};
		D8D6AB462A9FFDE100D31881 /* Build configuration list for PBXNativeTarget "Moonshot" */ = {
			isa = XCConfigurationList;
			buildConfigurations = (
				D8D6AB472A9FFDE100D31881 /* Debug */,
				D8D6AB482A9FFDE100D31881 /* Release */,
			);
			defaultConfigurationIsVisible = 0;
			defaultConfigurationName = Release;
		};
/* End XCConfigurationList section */
	};
	rootObject = D8D6AB302A9FFDDF00D31881 /* Project object */;
}
